
Microsoft Visual Studio Solution File, Format Version 12.00
# Visual Studio Version 17
VisualStudioVersion = 17.3.32922.545
MinimumVisualStudioVersion = 10.0.40219.1
Project("{FAE04EC0-301F-11D3-BF4B-00C04F79EFBC}") = "Trabalho", "Trabalho\Trabalho.csproj", "{84E646A4-09D9-4CC5-A5D5-6F40BAE4BE43}"
EndProject
Global
	GlobalSection(SolutionConfigurationPlatforms) = preSolution
		Debug|Any CPU = Debug|Any CPU
		Release|Any CPU = Release|Any CPU
	EndGlobalSection
	GlobalSection(ProjectConfigurationPlatforms) = postSolution
		{84E646A4-09D9-4CC5-A5D5-6F40BAE4BE43}.Debug|Any CPU.ActiveCfg = Debug|Any CPU
		{84E646A4-09D9-4CC5-A5D5-6F40BAE4BE43}.Debug|Any CPU.Build.0 = Debug|Any CPU
		{84E646A4-09D9-4CC5-A5D5-6F40BAE4BE43}.Release|Any CPU.ActiveCfg = Release|Any CPU
		{84E646A4-09D9-4CC5-A5D5-6F40BAE4BE43}.Release|Any CPU.Build.0 = Release|Any CPU
	EndGlobalSection
	GlobalSection(SolutionProperties) = preSolution
		HideSolutionNode = FALSE
	EndGlobalSection
	GlobalSection(ExtensibilityGlobals) = postSolution
		SolutionGuid = {D86C72E7-2796-4E6D-AD04-1F5F393AC760}
	EndGlobalSection
EndGlobal
